
Microsoft Visual Studio Solution File, Format Version 12.00
# Visual Studio Version 17
VisualStudioVersion = 17.0.32126.317
MinimumVisualStudioVersion = 10.0.40219.1
Project("{FAE04EC0-301F-11D3-BF4B-00C04F79EFBC}") = "lab2", "lab2\lab2.csproj", "{3A9D73F8-75E9-4220-84E7-240530A260B6}"
EndProject
Global
	GlobalSection(SolutionConfigurationPlatforms) = preSolution
		Debug|Any CPU = Debug|Any CPU
		Release|Any CPU = Release|Any CPU
	EndGlobalSection
	GlobalSection(ProjectConfigurationPlatforms) = postSolution
		{3A9D73F8-75E9-4220-84E7-240530A260B6}.Debug|Any CPU.ActiveCfg = Debug|Any CPU
		{3A9D73F8-75E9-4220-84E7-240530A260B6}.Debug|Any CPU.Build.0 = Debug|Any CPU
		{3A9D73F8-75E9-4220-84E7-240530A260B6}.Release|Any CPU.ActiveCfg = Release|Any CPU
		{3A9D73F8-75E9-4220-84E7-240530A260B6}.Release|Any CPU.Build.0 = Release|Any CPU
	EndGlobalSection
	GlobalSection(SolutionProperties) = preSolution
		HideSolutionNode = FALSE
	EndGlobalSection
	GlobalSection(ExtensibilityGlobals) = postSolution
		SolutionGuid = {FE10973A-5B5D-4D41-8CDA-6966F38F8DC3}
	EndGlobalSection
EndGlobal
